
Microsoft Visual Studio Solution File, Format Version 12.00
# Visual Studio Version 17
VisualStudioVersion = 17.13.35818.85 d17.13
MinimumVisualStudioVersion = 10.0.40219.1
Project("{FAE04EC0-301F-11D3-BF4B-00C04F79EFBC}") = "u24653498_Prac_2", "u24653498_Prac_2.csproj", "{F45A03D9-D72E-4DB7-84A2-8CCD7DEFDEC1}"
EndProject
Global
	GlobalSection(SolutionConfigurationPlatforms) = preSolution
		Debug|Any CPU = Debug|Any CPU
		Release|Any CPU = Release|Any CPU
	EndGlobalSection
	GlobalSection(ProjectConfigurationPlatforms) = postSolution
		{F45A03D9-D72E-4DB7-84A2-8CCD7DEFDEC1}.Debug|Any CPU.ActiveCfg = Debug|Any CPU
		{F45A03D9-D72E-4DB7-84A2-8CCD7DEFDEC1}.Debug|Any CPU.Build.0 = Debug|Any CPU
		{F45A03D9-D72E-4DB7-84A2-8CCD7DEFDEC1}.Release|Any CPU.ActiveCfg = Release|Any CPU
		{F45A03D9-D72E-4DB7-84A2-8CCD7DEFDEC1}.Release|Any CPU.Build.0 = Release|Any CPU
	EndGlobalSection
	GlobalSection(SolutionProperties) = preSolution
		HideSolutionNode = FALSE
	EndGlobalSection
	GlobalSection(ExtensibilityGlobals) = postSolution
		SolutionGuid = {FFEE29FA-8E1D-41D9-A44D-36863BD89242}
	EndGlobalSection
EndGlobal
